# This file is @generated by PDM.
# It is not intended for manual editing.

[[package]]
name = "pathspec"
version = "0.11.1"
requires_python = ">=3.7"
summary = "Utility library for gitignore style pattern matching of file paths."

[metadata]
lock_version = "4.2"
cross_platform = true
groups = ["default"]
content_hash = "sha256:53772aeea3bced60a51aeb26a9e4820f7665ca04cabea5cf03e1365d6b066d66"

[metadata.files]
"pathspec 0.11.1" = [
    {url = "https://files.pythonhosted.org/packages/95/60/d93628975242cc515ab2b8f5b2fc831d8be2eff32f5a1be4776d49305d13/pathspec-0.11.1.tar.gz", hash = "sha256:2798de800fa92780e33acca925945e9a19a133b715067cf165b8866c15a31687"},
    {url = "https://files.pythonhosted.org/packages/be/c8/551a803a6ebb174ec1c124e68b449b98a0961f0b737def601e3c1fbb4cfd/pathspec-0.11.1-py3-none-any.whl", hash = "sha256:d8af70af76652554bd134c22b3e8a1cc46ed7d91edcdd721ef1a0c51a84a5293"},
]
